// !$*UTF8*$!
{
	archiveVersion = 1;
	classes = {
	};
	objectVersion = 77;
	objects = {

/* Begin PBXContainerItemProxy section */
		31AA237E2D7A6D2A00AD643B /* PBXContainerItemProxy */ = {
			isa = PBXContainerItemProxy;
			containerPortal = 31AA23602D7A6D2800AD643B /* Project object */;
			proxyType = 1;
			remoteGlobalIDString = 31AA23672D7A6D2800AD643B;
			remoteInfo = appAboutAlua;
		};
		31AA23882D7A6D2A00AD643B /* PBXContainerItemProxy */ = {
			isa = PBXContainerItemProxy;
			containerPortal = 31AA23602D7A6D2800AD643B /* Project object */;
			proxyType = 1;
			remoteGlobalIDString = 31AA23672D7A6D2800AD643B;
			remoteInfo = appAboutAlua;
		};
/* End PBXContainerItemProxy section */

/* Begin PBXFileReference section */
		31AA23682D7A6D2800AD643B /* appAboutAlua.app */ = {isa = PBXFileReference; explicitFileType = wrapper.application; includeInIndex = 0; path = appAboutAlua.app; sourceTree = BUILT_PRODUCTS_DIR; };
		31AA237D2D7A6D2A00AD643B /* appAboutAluaTests.xctest */ = {isa = PBXFileReference; explicitFileType = wrapper.cfbundle; includeInIndex = 0; path = appAboutAluaTests.xctest; sourceTree = BUILT_PRODUCTS_DIR; };
		31AA23872D7A6D2A00AD643B /* appAboutAluaUITests.xctest */ = {isa = PBXFileReference; explicitFileType = wrapper.cfbundle; includeInIndex = 0; path = appAboutAluaUITests.xctest; sourceTree = BUILT_PRODUCTS_DIR; };
/* End PBXFileReference section */

/* Begin PBXFileSystemSynchronizedRootGroup section */
		31AA236A2D7A6D2800AD643B /* appAboutAlua */ = {
			isa = PBXFileSystemSynchronizedRootGroup;
			path = appAboutAlua;
			sourceTree = "<group>";
		};
/* End PBXFileSystemSynchronizedRootGroup section */

/* Begin PBXFrameworksBuildPhase section */
		31AA23652D7A6D2800AD643B /* Frameworks */ = {
			isa = PBXFrameworksBuildPhase;
			buildActionMask = 2147483647;
			files = (
			);
			runOnlyForDeploymentPostprocessing = 0;
		};
		31AA237A2D7A6D2A00AD643B /* Frameworks */ = {
			isa = PBXFrameworksBuildPhase;
			buildActionMask = 2147483647;
			files = (
			);
			runOnlyForDeploymentPostprocessing = 0;
		};
		31AA23842D7A6D2A00AD643B /* Frameworks */ = {
			isa = PBXFrameworksBuildPhase;
			buildActionMask = 2147483647;
			files = (
			);
			runOnlyForDeploymentPostprocessing = 0;
		};
/* End PBXFrameworksBuildPhase section */

/* Begin PBXGroup section */
		31AA235F2D7A6D2800AD643B = {
			isa = PBXGroup;
			children = (
				31AA236A2D7A6D2800AD643B /* appAboutAlua */,
				31AA23692D7A6D2800AD643B /* Products */,
			);
			sourceTree = "<group>";
		};
		31AA23692D7A6D2800AD643B /* Products */ = {
			isa = PBXGroup;
			children = (
				31AA23682D7A6D2800AD643B /* appAboutAlua.app */,
				31AA237D2D7A6D2A00AD643B /* appAboutAluaTests.xctest */,
				31AA23872D7A6D2A00AD643B /* appAboutAluaUITests.xctest */,
			);
			name = Products;
			sourceTree = "<group>";
		};
/* End PBXGroup section */

/* Begin PBXNativeTarget section */
		31AA23672D7A6D2800AD643B /* appAboutAlua */ = {
			isa = PBXNativeTarget;
			buildConfigurationList = 31AA23912D7A6D2A00AD643B /* Build configuration list for PBXNativeTarget "appAboutAlua" */;
			buildPhases = (
				31AA23642D7A6D2800AD643B /* Sources */,
				31AA23652D7A6D2800AD643B /* Frameworks */,
				31AA23662D7A6D2800AD643B /* Resources */,
			);
			buildRules = (
			);
			dependencies = (
			);
			fileSystemSynchronizedGroups = (
				31AA236A2D7A6D2800AD643B /* appAboutAlua */,
			);
			name = appAboutAlua;
			packageProductDependencies = (
			);
			productName = appAboutAlua;
			productReference = 31AA23682D7A6D2800AD643B /* appAboutAlua.app */;
			productType = "com.apple.product-type.application";
		};
		31AA237C2D7A6D2A00AD643B /* appAboutAluaTests */ = {
			isa = PBXNativeTarget;
			buildConfigurationList = 31AA23942D7A6D2A00AD643B /* Build configuration list for PBXNativeTarget "appAboutAluaTests" */;
			buildPhases = (
				31AA23792D7A6D2A00AD643B /* Sources */,
				31AA237A2D7A6D2A00AD643B /* Frameworks */,
				31AA237B2D7A6D2A00AD643B /* Resources */,
			);
			buildRules = (
			);
			dependencies = (
				31AA237F2D7A6D2A00AD643B /* PBXTargetDependency */,
			);
			name = appAboutAluaTests;
			packageProductDependencies = (
			);
			productName = appAboutAluaTests;
			productReference = 31AA237D2D7A6D2A00AD643B /* appAboutAluaTests.xctest */;
			productType = "com.apple.product-type.bundle.unit-test";
		};
		31AA23862D7A6D2A00AD643B /* appAboutAluaUITests */ = {
			isa = PBXNativeTarget;
			buildConfigurationList = 31AA23972D7A6D2A00AD643B /* Build configuration list for PBXNativeTarget "appAboutAluaUITests" */;
			buildPhases = (
				31AA23832D7A6D2A00AD643B /* Sources */,
				31AA23842D7A6D2A00AD643B /* Frameworks */,
				31AA23852D7A6D2A00AD643B /* Resources */,
			);
			buildRules = (
			);
			dependencies = (
				31AA23892D7A6D2A00AD643B /* PBXTargetDependency */,
			);
			name = appAboutAluaUITests;
			packageProductDependencies = (
			);
			productName = appAboutAluaUITests;
			productReference = 31AA23872D7A6D2A00AD643B /* appAboutAluaUITests.xctest */;
			productType = "com.apple.product-type.bundle.ui-testing";
		};
/* End PBXNativeTarget section */

/* Begin PBXProject section */
		31AA23602D7A6D2800AD643B /* Project object */ = {
			isa = PBXProject;
			attributes = {
				BuildIndependentTargetsInParallel = 1;
				LastSwiftUpdateCheck = 1620;
				LastUpgradeCheck = 1620;
				TargetAttributes = {
					31AA23672D7A6D2800AD643B = {
						CreatedOnToolsVersion = 16.2;
					};
					31AA237C2D7A6D2A00AD643B = {
						CreatedOnToolsVersion = 16.2;
						TestTargetID = 31AA23672D7A6D2800AD643B;
					};
					31AA23862D7A6D2A00AD643B = {
						CreatedOnToolsVersion = 16.2;
						TestTargetID = 31AA23672D7A6D2800AD643B;
					};
				};
			};
			buildConfigurationList = 31AA23632D7A6D2800AD643B /* Build configuration list for PBXProject "appAboutAlua" */;
			developmentRegion = en;
			hasScannedForEncodings = 0;
			knownRegions = (
				en,
				Base,
			);
			mainGroup = 31AA235F2D7A6D2800AD643B;
			minimizedProjectReferenceProxies = 1;
			preferredProjectObjectVersion = 77;
			productRefGroup = 31AA23692D7A6D2800AD643B /* Products */;
			projectDirPath = "";
			projectRoot = "";
			targets = (
				31AA23672D7A6D2800AD643B /* appAboutAlua */,
				31AA237C2D7A6D2A00AD643B /* appAboutAluaTests */,
				31AA23862D7A6D2A00AD643B /* appAboutAluaUITests */,
			);
		};
/* End PBXProject section */

/* Begin PBXResourcesBuildPhase section */
		31AA23662D7A6D2800AD643B /* Resources */ = {
			isa = PBXResourcesBuildPhase;
			buildActionMask = 2147483647;
			files = (
			);
			runOnlyForDeploymentPostprocessing = 0;
		};
		31AA237B2D7A6D2A00AD643B /* Resources */ = {
			isa = PBXResourcesBuildPhase;
			buildActionMask = 2147483647;
			files = (
			);
			runOnlyForDeploymentPostprocessing = 0;
		};
		31AA23852D7A6D2A00AD643B /* Resources */ = {
			isa = PBXResourcesBuildPhase;
			buildActionMask = 2147483647;
			files = (
			);
			runOnlyForDeploymentPostprocessing = 0;
		};
/* End PBXResourcesBuildPhase section */

/* Begin PBXSourcesBuildPhase section */
		31AA23642D7A6D2800AD643B /* Sources */ = {
			isa = PBXSourcesBuildPhase;
			buildActionMask = 2147483647;
			files = (
			);
			runOnlyForDeploymentPostprocessing = 0;
		};
		31AA23792D7A6D2A00AD643B /* Sources */ = {
			isa = PBXSourcesBuildPhase;
			buildActionMask = 2147483647;
			files = (
			);
			runOnlyForDeploymentPostprocessing = 0;
		};
		31AA23832D7A6D2A00AD643B /* Sources */ = {
			isa = PBXSourcesBuildPhase;
			buildActionMask = 2147483647;
			files = (
			);
			runOnlyForDeploymentPostprocessing = 0;
		};
/* End PBXSourcesBuildPhase section */

/* Begin PBXTargetDependency section */
		31AA237F2D7A6D2A00AD643B /* PBXTargetDependency */ = {
			isa = PBXTargetDependency;
			target = 31AA23672D7A6D2800AD643B /* appAboutAlua */;
			targetProxy = 31AA237E2D7A6D2A00AD643B /* PBXContainerItemProxy */;
		};
		31AA23892D7A6D2A00AD643B /* PBXTargetDependency */ = {
			isa = PBXTargetDependency;
			target = 31AA23672D7A6D2800AD643B /* appAboutAlua */;
			targetProxy = 31AA23882D7A6D2A00AD643B /* PBXContainerItemProxy */;
		};
/* End PBXTargetDependency section */

/* Begin XCBuildConfiguration section */
		31AA238F2D7A6D2A00AD643B /* Debug */ = {
			isa = XCBuildConfiguration;
			buildSettings = {
				ALWAYS_SEARCH_USER_PATHS = NO;
				ASSETCATALOG_COMPILER_GENERATE_SWIFT_ASSET_SYMBOL_EXTENSIONS = YES;
				CLANG_ANALYZER_NONNULL = YES;
				CLANG_ANALYZER_NUMBER_OBJECT_CONVERSION = YES_AGGRESSIVE;
				CLANG_CXX_LANGUAGE_STANDARD = "gnu++20";
				CLANG_ENABLE_MODULES = YES;
				CLANG_ENABLE_OBJC_ARC = YES;
				CLANG_ENABLE_OBJC_WEAK = YES;
				CLANG_WARN_BLOCK_CAPTURE_AUTORELEASING = YES;
				CLANG_WARN_BOOL_CONVERSION = YES;
				CLANG_WARN_COMMA = YES;
				CLANG_WARN_CONSTANT_CONVERSION = YES;
				CLANG_WARN_DEPRECATED_OBJC_IMPLEMENTATIONS = YES;
				CLANG_WARN_DIRECT_OBJC_ISA_USAGE = YES_ERROR;
				CLANG_WARN_DOCUMENTATION_COMMENTS = YES;
				CLANG_WARN_EMPTY_BODY = YES;
				CLANG_WARN_ENUM_CONVERSION = YES;
				CLANG_WARN_INFINITE_RECURSION = YES;
				CLANG_WARN_INT_CONVERSION = YES;
				CLANG_WARN_NON_LITERAL_NULL_CONVERSION = YES;
				CLANG_WARN_OBJC_IMPLICIT_RETAIN_SELF = YES;
				CLANG_WARN_OBJC_LITERAL_CONVERSION = YES;
				CLANG_WARN_OBJC_ROOT_CLASS = YES_ERROR;
				CLANG_WARN_QUOTED_INCLUDE_IN_FRAMEWORK_HEADER = YES;
				CLANG_WARN_RANGE_LOOP_ANALYSIS = YES;
				CLANG_WARN_STRICT_PROTOTYPES = YES;
				CLANG_WARN_SUSPICIOUS_MOVE = YES;
				CLANG_WARN_UNGUARDED_AVAILABILITY = YES_AGGRESSIVE;
				CLANG_WARN_UNREACHABLE_CODE = YES;
				CLANG_WARN__DUPLICATE_METHOD_MATCH = YES;
				COPY_PHASE_STRIP = NO;
				DEBUG_INFORMATION_FORMAT = dwarf;
				ENABLE_STRICT_OBJC_MSGSEND = YES;
				ENABLE_TESTABILITY = YES;
				ENABLE_USER_SCRIPT_SANDBOXING = YES;
				GCC_C_LANGUAGE_STANDARD = gnu17;
				GCC_DYNAMIC_NO_PIC = NO;
				GCC_NO_COMMON_BLOCKS = YES;
				GCC_OPTIMIZATION_LEVEL = 0;
				GCC_PREPROCESSOR_DEFINITIONS = (
					"DEBUG=1",
					"$(inherited)",
				);
				GCC_WARN_64_TO_32_BIT_CONVERSION = YES;
				GCC_WARN_ABOUT_RETURN_TYPE = YES_ERROR;
				GCC_WARN_UNDECLARED_SELECTOR = YES;
				GCC_WARN_UNINITIALIZED_AUTOS = YES_AGGRESSIVE;
				GCC_WARN_UNUSED_FUNCTION = YES;
				GCC_WARN_UNUSED_VARIABLE = YES;
				IPHONEOS_DEPLOYMENT_TARGET = 18.2;
				LOCALIZATION_PREFERS_STRING_CATALOGS = YES;
				MTL_ENABLE_DEBUG_INFO = INCLUDE_SOURCE;
				MTL_FAST_MATH = YES;
				ONLY_ACTIVE_ARCH = YES;
				SDKROOT = iphoneos;
				SWIFT_ACTIVE_COMPILATION_CONDITIONS = "DEBUG $(inherited)";
				SWIFT_OPTIMIZATION_LEVEL = "-Onone";
			};
			name = Debug;
		};
		31AA23902D7A6D2A00AD643B /* Release */ = {
			isa = XCBuildConfiguration;
			buildSettings = {
				ALWAYS_SEARCH_USER_PATHS = NO;
				ASSETCATALOG_COMPILER_GENERATE_SWIFT_ASSET_SYMBOL_EXTENSIONS = YES;
				CLANG_ANALYZER_NONNULL = YES;
				CLANG_ANALYZER_NUMBER_OBJECT_CONVERSION = YES_AGGRESSIVE;
				CLANG_CXX_LANGUAGE_STANDARD = "gnu++20";
				CLANG_ENABLE_MODULES = YES;
				CLANG_ENABLE_OBJC_ARC = YES;
				CLANG_ENABLE_OBJC_WEAK = YES;
				CLANG_WARN_BLOCK_CAPTURE_AUTORELEASING = YES;
				CLANG_WARN_BOOL_CONVERSION = YES;
				CLANG_WARN_COMMA = YES;
				CLANG_WARN_CONSTANT_CONVERSION = YES;
				CLANG_WARN_DEPRECATED_OBJC_IMPLEMENTATIONS = YES;
				CLANG_WARN_DIRECT_OBJC_ISA_USAGE = YES_ERROR;
				CLANG_WARN_DOCUMENTATION_COMMENTS = YES;
				CLANG_WARN_EMPTY_BODY = YES;
				CLANG_WARN_ENUM_CONVERSION = YES;
				CLANG_WARN_INFINITE_RECURSION = YES;
				CLANG_WARN_INT_CONVERSION = YES;
				CLANG_WARN_NON_LITERAL_NULL_CONVERSION = YES;
				CLANG_WARN_OBJC_IMPLICIT_RETAIN_SELF = YES;
				CLANG_WARN_OBJC_LITERAL_CONVERSION = YES;
				CLANG_WARN_OBJC_ROOT_CLASS = YES_ERROR;
				CLANG_WARN_QUOTED_INCLUDE_IN_FRAMEWORK_HEADER = YES;
				CLANG_WARN_RANGE_LOOP_ANALYSIS = YES;
				CLANG_WARN_STRICT_PROTOTYPES = YES;
				CLANG_WARN_SUSPICIOUS_MOVE = YES;
				CLANG_WARN_UNGUARDED_AVAILABILITY = YES_AGGRESSIVE;
				CLANG_WARN_UNREACHABLE_CODE = YES;
				CLANG_WARN__DUPLICATE_METHOD_MATCH = YES;
				COPY_PHASE_STRIP = NO;
				DEBUG_INFORMATION_FORMAT = "dwarf-with-dsym";
				ENABLE_NS_ASSERTIONS = NO;
				ENABLE_STRICT_OBJC_MSGSEND = YES;
				ENABLE_USER_SCRIPT_SANDBOXING = YES;
				GCC_C_LANGUAGE_STANDARD = gnu17;
				GCC_NO_COMMON_BLOCKS = YES;
				GCC_WARN_64_TO_32_BIT_CONVERSION = YES;
				GCC_WARN_ABOUT_RETURN_TYPE = YES_ERROR;
				GCC_WARN_UNDECLARED_SELECTOR = YES;
				GCC_WARN_UNINITIALIZED_AUTOS = YES_AGGRESSIVE;
				GCC_WARN_UNUSED_FUNCTION = YES;
				GCC_WARN_UNUSED_VARIABLE = YES;
				IPHONEOS_DEPLOYMENT_TARGET = 18.2;
				LOCALIZATION_PREFERS_STRING_CATALOGS = YES;
				MTL_ENABLE_DEBUG_INFO = NO;
				MTL_FAST_MATH = YES;
				SDKROOT = iphoneos;
				SWIFT_COMPILATION_MODE = wholemodule;
				VALIDATE_PRODUCT = YES;
			};
			name = Release;
		};
		31AA23922D7A6D2A00AD643B /* Debug */ = {
			isa = XCBuildConfiguration;
			buildSettings = {
				ASSETCATALOG_COMPILER_APPICON_NAME = AppIcon;
				ASSETCATALOG_COMPILER_GLOBAL_ACCENT_COLOR_NAME = AccentColor;
				CODE_SIGN_STYLE = Automatic;
				CURRENT_PROJECT_VERSION = 1;
				DEVELOPMENT_ASSET_PATHS = "\"appAboutAlua/Preview Content\"";
				ENABLE_PREVIEWS = YES;
				GENERATE_INFOPLIST_FILE = YES;
				INFOPLIST_KEY_UIApplicationSceneManifest_Generation = YES;
				INFOPLIST_KEY_UIApplicationSupportsIndirectInputEvents = YES;
				INFOPLIST_KEY_UILaunchScreen_Generation = YES;
				INFOPLIST_KEY_UISupportedInterfaceOrientations_iPad = "UIInterfaceOrientationPortrait UIInterfaceOrientationPortraitUpsideDown UIInterfaceOrientationLandscapeLeft UIInterfaceOrientationLandscapeRight";
				INFOPLIST_KEY_UISupportedInterfaceOrientations_iPhone = "UIInterfaceOrientationPortrait UIInterfaceOrientationLandscapeLeft UIInterfaceOrientationLandscapeRight";
				LD_RUNPATH_SEARCH_PATHS = (
					"$(inherited)",
					"@executable_path/Frameworks",
				);
				MARKETING_VERSION = 1.0;
				PRODUCT_BUNDLE_IDENTIFIER = xcodeproj.appAboutAlua;
				PRODUCT_NAME = "$(TARGET_NAME)";
				SWIFT_EMIT_LOC_STRINGS = YES;
				SWIFT_VERSION = 5.0;
				TARGETED_DEVICE_FAMILY = "1,2";
			};
			name = Debug;
		};
		31AA23932D7A6D2A00AD643B /* Release */ = {
			isa = XCBuildConfiguration;
			buildSettings = {
				ASSETCATALOG_COMPILER_APPICON_NAME = AppIcon;
				ASSETCATALOG_COMPILER_GLOBAL_ACCENT_COLOR_NAME = AccentColor;
				CODE_SIGN_STYLE = Automatic;
				CURRENT_PROJECT_VERSION = 1;
				DEVELOPMENT_ASSET_PATHS = "\"appAboutAlua/Preview Content\"";
				ENABLE_PREVIEWS = YES;
				GENERATE_INFOPLIST_FILE = YES;
				INFOPLIST_KEY_UIApplicationSceneManifest_Generation = YES;
				INFOPLIST_KEY_UIApplicationSupportsIndirectInputEvents = YES;
				INFOPLIST_KEY_UILaunchScreen_Generation = YES;
				INFOPLIST_KEY_UISupportedInterfaceOrientations_iPad = "UIInterfaceOrientationPortrait UIInterfaceOrientationPortraitUpsideDown UIInterfaceOrientationLandscapeLeft UIInterfaceOrientationLandscapeRight";
				INFOPLIST_KEY_UISupportedInterfaceOrientations_iPhone = "UIInterfaceOrientationPortrait UIInterfaceOrientationLandscapeLeft UIInterfaceOrientationLandscapeRight";
				LD_RUNPATH_SEARCH_PATHS = (
					"$(inherited)",
					"@executable_path/Frameworks",
				);
				MARKETING_VERSION = 1.0;
				PRODUCT_BUNDLE_IDENTIFIER = xcodeproj.appAboutAlua;
				PRODUCT_NAME = "$(TARGET_NAME)";
				SWIFT_EMIT_LOC_STRINGS = YES;
				SWIFT_VERSION = 5.0;
				TARGETED_DEVICE_FAMILY = "1,2";
			};
			name = Release;
		};
		31AA23952D7A6D2A00AD643B /* Debug */ = {
			isa = XCBuildConfiguration;
			buildSettings = {
				BUNDLE_LOADER = "$(TEST_HOST)";
				CODE_SIGN_STYLE = Automatic;
				CURRENT_PROJECT_VERSION = 1;
				GENERATE_INFOPLIST_FILE = YES;
				IPHONEOS_DEPLOYMENT_TARGET = 18.2;
				MARKETING_VERSION = 1.0;
				PRODUCT_BUNDLE_IDENTIFIER = xcodeproj.appAboutAluaTests;
				PRODUCT_NAME = "$(TARGET_NAME)";
				SWIFT_EMIT_LOC_STRINGS = NO;
				SWIFT_VERSION = 5.0;
				TARGETED_DEVICE_FAMILY = "1,2";
				TEST_HOST = "$(BUILT_PRODUCTS_DIR)/appAboutAlua.app/$(BUNDLE_EXECUTABLE_FOLDER_PATH)/appAboutAlua";
			};
			name = Debug;
		};
		31AA23962D7A6D2A00AD643B /* Release */ = {
			isa = XCBuildConfiguration;
			buildSettings = {
				BUNDLE_LOADER = "$(TEST_HOST)";
				CODE_SIGN_STYLE = Automatic;
				CURRENT_PROJECT_VERSION = 1;
				GENERATE_INFOPLIST_FILE = YES;
				IPHONEOS_DEPLOYMENT_TARGET = 18.2;
				MARKETING_VERSION = 1.0;
				PRODUCT_BUNDLE_IDENTIFIER = xcodeproj.appAboutAluaTests;
				PRODUCT_NAME = "$(TARGET_NAME)";
				SWIFT_EMIT_LOC_STRINGS = NO;
				SWIFT_VERSION = 5.0;
				TARGETED_DEVICE_FAMILY = "1,2";
				TEST_HOST = "$(BUILT_PRODUCTS_DIR)/appAboutAlua.app/$(BUNDLE_EXECUTABLE_FOLDER_PATH)/appAboutAlua";
			};
			name = Release;
		};
		31AA23982D7A6D2A00AD643B /* Debug */ = {
			isa = XCBuildConfiguration;
			buildSettings = {
				CODE_SIGN_STYLE = Automatic;
				CURRENT_PROJECT_VERSION = 1;
				GENERATE_INFOPLIST_FILE = YES;
				MARKETING_VERSION = 1.0;
				PRODUCT_BUNDLE_IDENTIFIER = xcodeproj.appAboutAluaUITests;
				PRODUCT_NAME = "$(TARGET_NAME)";
				SWIFT_EMIT_LOC_STRINGS = NO;
				SWIFT_VERSION = 5.0;
				TARGETED_DEVICE_FAMILY = "1,2";
				TEST_TARGET_NAME = appAboutAlua;
			};
			name = Debug;
		};
		31AA23992D7A6D2A00AD643B /* Release */ = {
			isa = XCBuildConfiguration;
			buildSettings = {
				CODE_SIGN_STYLE = Automatic;
				CURRENT_PROJECT_VERSION = 1;
				GENERATE_INFOPLIST_FILE = YES;
				MARKETING_VERSION = 1.0;
				PRODUCT_BUNDLE_IDENTIFIER = xcodeproj.appAboutAluaUITests;
				PRODUCT_NAME = "$(TARGET_NAME)";
				SWIFT_EMIT_LOC_STRINGS = NO;
				SWIFT_VERSION = 5.0;
				TARGETED_DEVICE_FAMILY = "1,2";
				TEST_TARGET_NAME = appAboutAlua;
			};
			name = Release;
		};
/* End XCBuildConfiguration section */

/* Begin XCConfigurationList section */
		31AA23632D7A6D2800AD643B /* Build configuration list for PBXProject "appAboutAlua" */ = {
			isa = XCConfigurationList;
			buildConfigurations = (
				31AA238F2D7A6D2A00AD643B /* Debug */,
				31AA23902D7A6D2A00AD643B /* Release */,
			);
			defaultConfigurationIsVisible = 0;
			defaultConfigurationName = Release;
		};
		31AA23912D7A6D2A00AD643B /* Build configuration list for PBXNativeTarget "appAboutAlua" */ = {
			isa = XCConfigurationList;
			buildConfigurations = (
				31AA23922D7A6D2A00AD643B /* Debug */,
				31AA23932D7A6D2A00AD643B /* Release */,
			);
			defaultConfigurationIsVisible = 0;
			defaultConfigurationName = Release;
		};
		31AA23942D7A6D2A00AD643B /* Build configuration list for PBXNativeTarget "appAboutAluaTests" */ = {
			isa = XCConfigurationList;
			buildConfigurations = (
				31AA23952D7A6D2A00AD643B /* Debug */,
				31AA23962D7A6D2A00AD643B /* Release */,
			);
			defaultConfigurationIsVisible = 0;
			defaultConfigurationName = Release;
		};
		31AA23972D7A6D2A00AD643B /* Build configuration list for PBXNativeTarget "appAboutAluaUITests" */ = {
			isa = XCConfigurationList;
			buildConfigurations = (
				31AA23982D7A6D2A00AD643B /* Debug */,
				31AA23992D7A6D2A00AD643B /* Release */,
			);
			defaultConfigurationIsVisible = 0;
			defaultConfigurationName = Release;
		};
/* End XCConfigurationList section */
	};
	rootObject = 31AA23602D7A6D2800AD643B /* Project object */;
}
