// !$*UTF8*$!
{
	archiveVersion = 1;
	classes = {
	};
	objectVersion = 77;
	objects = {

/* Begin PBXContainerItemProxy section */
		311FE8DF2D93184900AA2E93 /* PBXContainerItemProxy */ = {
			isa = PBXContainerItemProxy;
			containerPortal = 311FE8C12D93184600AA2E93 /* Project object */;
			proxyType = 1;
			remoteGlobalIDString = 311FE8C82D93184600AA2E93;
			remoteInfo = 4assigment;
		};
		311FE8E92D93184A00AA2E93 /* PBXContainerItemProxy */ = {
			isa = PBXContainerItemProxy;
			containerPortal = 311FE8C12D93184600AA2E93 /* Project object */;
			proxyType = 1;
			remoteGlobalIDString = 311FE8C82D93184600AA2E93;
			remoteInfo = 4assigment;
		};
/* End PBXContainerItemProxy section */

/* Begin PBXFileReference section */
		311FE8C92D93184700AA2E93 /* 4assigment.app */ = {isa = PBXFileReference; explicitFileType = wrapper.application; includeInIndex = 0; path = 4assigment.app; sourceTree = BUILT_PRODUCTS_DIR; };
		311FE8DE2D93184900AA2E93 /* 4assigmentTests.xctest */ = {isa = PBXFileReference; explicitFileType = wrapper.cfbundle; includeInIndex = 0; path = 4assigmentTests.xctest; sourceTree = BUILT_PRODUCTS_DIR; };
		311FE8E82D93184A00AA2E93 /* 4assigmentUITests.xctest */ = {isa = PBXFileReference; explicitFileType = wrapper.cfbundle; includeInIndex = 0; path = 4assigmentUITests.xctest; sourceTree = BUILT_PRODUCTS_DIR; };
/* End PBXFileReference section */

/* Begin PBXFileSystemSynchronizedRootGroup section */
		311FE8CB2D93184700AA2E93 /* 4assigment */ = {
			isa = PBXFileSystemSynchronizedRootGroup;
			path = 4assigment;
			sourceTree = "<group>";
		};
		311FE8E12D93184A00AA2E93 /* 4assigmentTests */ = {
			isa = PBXFileSystemSynchronizedRootGroup;
			path = 4assigmentTests;
			sourceTree = "<group>";
		};
		311FE8EB2D93184A00AA2E93 /* 4assigmentUITests */ = {
			isa = PBXFileSystemSynchronizedRootGroup;
			path = 4assigmentUITests;
			sourceTree = "<group>";
		};
/* End PBXFileSystemSynchronizedRootGroup section */

/* Begin PBXFrameworksBuildPhase section */
		311FE8C62D93184600AA2E93 /* Frameworks */ = {
			isa = PBXFrameworksBuildPhase;
			buildActionMask = 2147483647;
			files = (
			);
			runOnlyForDeploymentPostprocessing = 0;
		};
		311FE8DB2D93184900AA2E93 /* Frameworks */ = {
			isa = PBXFrameworksBuildPhase;
			buildActionMask = 2147483647;
			files = (
			);
			runOnlyForDeploymentPostprocessing = 0;
		};
		311FE8E52D93184A00AA2E93 /* Frameworks */ = {
			isa = PBXFrameworksBuildPhase;
			buildActionMask = 2147483647;
			files = (
			);
			runOnlyForDeploymentPostprocessing = 0;
		};
/* End PBXFrameworksBuildPhase section */

/* Begin PBXGroup section */
		311FE8C02D93184600AA2E93 = {
			isa = PBXGroup;
			children = (
				311FE8CB2D93184700AA2E93 /* 4assigment */,
				311FE8E12D93184A00AA2E93 /* 4assigmentTests */,
				311FE8EB2D93184A00AA2E93 /* 4assigmentUITests */,
				311FE8CA2D93184700AA2E93 /* Products */,
			);
			sourceTree = "<group>";
		};
		311FE8CA2D93184700AA2E93 /* Products */ = {
			isa = PBXGroup;
			children = (
				311FE8C92D93184700AA2E93 /* 4assigment.app */,
				311FE8DE2D93184900AA2E93 /* 4assigmentTests.xctest */,
				311FE8E82D93184A00AA2E93 /* 4assigmentUITests.xctest */,
			);
			name = Products;
			sourceTree = "<group>";
		};
/* End PBXGroup section */

/* Begin PBXNativeTarget section */
		311FE8C82D93184600AA2E93 /* 4assigment */ = {
			isa = PBXNativeTarget;
			buildConfigurationList = 311FE8F22D93184A00AA2E93 /* Build configuration list for PBXNativeTarget "4assigment" */;
			buildPhases = (
				311FE8C52D93184600AA2E93 /* Sources */,
				311FE8C62D93184600AA2E93 /* Frameworks */,
				311FE8C72D93184600AA2E93 /* Resources */,
			);
			buildRules = (
			);
			dependencies = (
			);
			fileSystemSynchronizedGroups = (
				311FE8CB2D93184700AA2E93 /* 4assigment */,
			);
			name = 4assigment;
			packageProductDependencies = (
			);
			productName = 4assigment;
			productReference = 311FE8C92D93184700AA2E93 /* 4assigment.app */;
			productType = "com.apple.product-type.application";
		};
		311FE8DD2D93184900AA2E93 /* 4assigmentTests */ = {
			isa = PBXNativeTarget;
			buildConfigurationList = 311FE8F52D93184A00AA2E93 /* Build configuration list for PBXNativeTarget "4assigmentTests" */;
			buildPhases = (
				311FE8DA2D93184900AA2E93 /* Sources */,
				311FE8DB2D93184900AA2E93 /* Frameworks */,
				311FE8DC2D93184900AA2E93 /* Resources */,
			);
			buildRules = (
			);
			dependencies = (
				311FE8E02D93184900AA2E93 /* PBXTargetDependency */,
			);
			fileSystemSynchronizedGroups = (
				311FE8E12D93184A00AA2E93 /* 4assigmentTests */,
			);
			name = 4assigmentTests;
			packageProductDependencies = (
			);
			productName = 4assigmentTests;
			productReference = 311FE8DE2D93184900AA2E93 /* 4assigmentTests.xctest */;
			productType = "com.apple.product-type.bundle.unit-test";
		};
		311FE8E72D93184A00AA2E93 /* 4assigmentUITests */ = {
			isa = PBXNativeTarget;
			buildConfigurationList = 311FE8F82D93184A00AA2E93 /* Build configuration list for PBXNativeTarget "4assigmentUITests" */;
			buildPhases = (
				311FE8E42D93184A00AA2E93 /* Sources */,
				311FE8E52D93184A00AA2E93 /* Frameworks */,
				311FE8E62D93184A00AA2E93 /* Resources */,
			);
			buildRules = (
			);
			dependencies = (
				311FE8EA2D93184A00AA2E93 /* PBXTargetDependency */,
			);
			fileSystemSynchronizedGroups = (
				311FE8EB2D93184A00AA2E93 /* 4assigmentUITests */,
			);
			name = 4assigmentUITests;
			packageProductDependencies = (
			);
			productName = 4assigmentUITests;
			productReference = 311FE8E82D93184A00AA2E93 /* 4assigmentUITests.xctest */;
			productType = "com.apple.product-type.bundle.ui-testing";
		};
/* End PBXNativeTarget section */

/* Begin PBXProject section */
		311FE8C12D93184600AA2E93 /* Project object */ = {
			isa = PBXProject;
			attributes = {
				BuildIndependentTargetsInParallel = 1;
				LastSwiftUpdateCheck = 1620;
				LastUpgradeCheck = 1620;
				TargetAttributes = {
					311FE8C82D93184600AA2E93 = {
						CreatedOnToolsVersion = 16.2;
					};
					311FE8DD2D93184900AA2E93 = {
						CreatedOnToolsVersion = 16.2;
						TestTargetID = 311FE8C82D93184600AA2E93;
					};
					311FE8E72D93184A00AA2E93 = {
						CreatedOnToolsVersion = 16.2;
						TestTargetID = 311FE8C82D93184600AA2E93;
					};
				};
			};
			buildConfigurationList = 311FE8C42D93184600AA2E93 /* Build configuration list for PBXProject "4assigment" */;
			developmentRegion = en;
			hasScannedForEncodings = 0;
			knownRegions = (
				en,
				Base,
			);
			mainGroup = 311FE8C02D93184600AA2E93;
			minimizedProjectReferenceProxies = 1;
			preferredProjectObjectVersion = 77;
			productRefGroup = 311FE8CA2D93184700AA2E93 /* Products */;
			projectDirPath = "";
			projectRoot = "";
			targets = (
				311FE8C82D93184600AA2E93 /* 4assigment */,
				311FE8DD2D93184900AA2E93 /* 4assigmentTests */,
				311FE8E72D93184A00AA2E93 /* 4assigmentUITests */,
			);
		};
/* End PBXProject section */

/* Begin PBXResourcesBuildPhase section */
		311FE8C72D93184600AA2E93 /* Resources */ = {
			isa = PBXResourcesBuildPhase;
			buildActionMask = 2147483647;
			files = (
			);
			runOnlyForDeploymentPostprocessing = 0;
		};
		311FE8DC2D93184900AA2E93 /* Resources */ = {
			isa = PBXResourcesBuildPhase;
			buildActionMask = 2147483647;
			files = (
			);
			runOnlyForDeploymentPostprocessing = 0;
		};
		311FE8E62D93184A00AA2E93 /* Resources */ = {
			isa = PBXResourcesBuildPhase;
			buildActionMask = 2147483647;
			files = (
			);
			runOnlyForDeploymentPostprocessing = 0;
		};
/* End PBXResourcesBuildPhase section */

/* Begin PBXSourcesBuildPhase section */
		311FE8C52D93184600AA2E93 /* Sources */ = {
			isa = PBXSourcesBuildPhase;
			buildActionMask = 2147483647;
			files = (
			);
			runOnlyForDeploymentPostprocessing = 0;
		};
		311FE8DA2D93184900AA2E93 /* Sources */ = {
			isa = PBXSourcesBuildPhase;
			buildActionMask = 2147483647;
			files = (
			);
			runOnlyForDeploymentPostprocessing = 0;
		};
		311FE8E42D93184A00AA2E93 /* Sources */ = {
			isa = PBXSourcesBuildPhase;
			buildActionMask = 2147483647;
			files = (
			);
			runOnlyForDeploymentPostprocessing = 0;
		};
/* End PBXSourcesBuildPhase section */

/* Begin PBXTargetDependency section */
		311FE8E02D93184900AA2E93 /* PBXTargetDependency */ = {
			isa = PBXTargetDependency;
			target = 311FE8C82D93184600AA2E93 /* 4assigment */;
			targetProxy = 311FE8DF2D93184900AA2E93 /* PBXContainerItemProxy */;
		};
		311FE8EA2D93184A00AA2E93 /* PBXTargetDependency */ = {
			isa = PBXTargetDependency;
			target = 311FE8C82D93184600AA2E93 /* 4assigment */;
			targetProxy = 311FE8E92D93184A00AA2E93 /* PBXContainerItemProxy */;
		};
/* End PBXTargetDependency section */

/* Begin XCBuildConfiguration section */
		311FE8F02D93184A00AA2E93 /* Debug */ = {
			isa = XCBuildConfiguration;
			buildSettings = {
				ALWAYS_SEARCH_USER_PATHS = NO;
				ASSETCATALOG_COMPILER_GENERATE_SWIFT_ASSET_SYMBOL_EXTENSIONS = YES;
				CLANG_ANALYZER_NONNULL = YES;
				CLANG_ANALYZER_NUMBER_OBJECT_CONVERSION = YES_AGGRESSIVE;
				CLANG_CXX_LANGUAGE_STANDARD = "gnu++20";
				CLANG_ENABLE_MODULES = YES;
				CLANG_ENABLE_OBJC_ARC = YES;
				CLANG_ENABLE_OBJC_WEAK = YES;
				CLANG_WARN_BLOCK_CAPTURE_AUTORELEASING = YES;
				CLANG_WARN_BOOL_CONVERSION = YES;
				CLANG_WARN_COMMA = YES;
				CLANG_WARN_CONSTANT_CONVERSION = YES;
				CLANG_WARN_DEPRECATED_OBJC_IMPLEMENTATIONS = YES;
				CLANG_WARN_DIRECT_OBJC_ISA_USAGE = YES_ERROR;
				CLANG_WARN_DOCUMENTATION_COMMENTS = YES;
				CLANG_WARN_EMPTY_BODY = YES;
				CLANG_WARN_ENUM_CONVERSION = YES;
				CLANG_WARN_INFINITE_RECURSION = YES;
				CLANG_WARN_INT_CONVERSION = YES;
				CLANG_WARN_NON_LITERAL_NULL_CONVERSION = YES;
				CLANG_WARN_OBJC_IMPLICIT_RETAIN_SELF = YES;
				CLANG_WARN_OBJC_LITERAL_CONVERSION = YES;
				CLANG_WARN_OBJC_ROOT_CLASS = YES_ERROR;
				CLANG_WARN_QUOTED_INCLUDE_IN_FRAMEWORK_HEADER = YES;
				CLANG_WARN_RANGE_LOOP_ANALYSIS = YES;
				CLANG_WARN_STRICT_PROTOTYPES = YES;
				CLANG_WARN_SUSPICIOUS_MOVE = YES;
				CLANG_WARN_UNGUARDED_AVAILABILITY = YES_AGGRESSIVE;
				CLANG_WARN_UNREACHABLE_CODE = YES;
				CLANG_WARN__DUPLICATE_METHOD_MATCH = YES;
				COPY_PHASE_STRIP = NO;
				DEBUG_INFORMATION_FORMAT = dwarf;
				ENABLE_STRICT_OBJC_MSGSEND = YES;
				ENABLE_TESTABILITY = YES;
				ENABLE_USER_SCRIPT_SANDBOXING = YES;
				GCC_C_LANGUAGE_STANDARD = gnu17;
				GCC_DYNAMIC_NO_PIC = NO;
				GCC_NO_COMMON_BLOCKS = YES;
				GCC_OPTIMIZATION_LEVEL = 0;
				GCC_PREPROCESSOR_DEFINITIONS = (
					"DEBUG=1",
					"$(inherited)",
				);
				GCC_WARN_64_TO_32_BIT_CONVERSION = YES;
				GCC_WARN_ABOUT_RETURN_TYPE = YES_ERROR;
				GCC_WARN_UNDECLARED_SELECTOR = YES;
				GCC_WARN_UNINITIALIZED_AUTOS = YES_AGGRESSIVE;
				GCC_WARN_UNUSED_FUNCTION = YES;
				GCC_WARN_UNUSED_VARIABLE = YES;
				IPHONEOS_DEPLOYMENT_TARGET = 18.2;
				LOCALIZATION_PREFERS_STRING_CATALOGS = YES;
				MTL_ENABLE_DEBUG_INFO = INCLUDE_SOURCE;
				MTL_FAST_MATH = YES;
				ONLY_ACTIVE_ARCH = YES;
				SDKROOT = iphoneos;
				SWIFT_ACTIVE_COMPILATION_CONDITIONS = "DEBUG $(inherited)";
				SWIFT_OPTIMIZATION_LEVEL = "-Onone";
			};
			name = Debug;
		};
		311FE8F12D93184A00AA2E93 /* Release */ = {
			isa = XCBuildConfiguration;
			buildSettings = {
				ALWAYS_SEARCH_USER_PATHS = NO;
				ASSETCATALOG_COMPILER_GENERATE_SWIFT_ASSET_SYMBOL_EXTENSIONS = YES;
				CLANG_ANALYZER_NONNULL = YES;
				CLANG_ANALYZER_NUMBER_OBJECT_CONVERSION = YES_AGGRESSIVE;
				CLANG_CXX_LANGUAGE_STANDARD = "gnu++20";
				CLANG_ENABLE_MODULES = YES;
				CLANG_ENABLE_OBJC_ARC = YES;
				CLANG_ENABLE_OBJC_WEAK = YES;
				CLANG_WARN_BLOCK_CAPTURE_AUTORELEASING = YES;
				CLANG_WARN_BOOL_CONVERSION = YES;
				CLANG_WARN_COMMA = YES;
				CLANG_WARN_CONSTANT_CONVERSION = YES;
				CLANG_WARN_DEPRECATED_OBJC_IMPLEMENTATIONS = YES;
				CLANG_WARN_DIRECT_OBJC_ISA_USAGE = YES_ERROR;
				CLANG_WARN_DOCUMENTATION_COMMENTS = YES;
				CLANG_WARN_EMPTY_BODY = YES;
				CLANG_WARN_ENUM_CONVERSION = YES;
				CLANG_WARN_INFINITE_RECURSION = YES;
				CLANG_WARN_INT_CONVERSION = YES;
				CLANG_WARN_NON_LITERAL_NULL_CONVERSION = YES;
				CLANG_WARN_OBJC_IMPLICIT_RETAIN_SELF = YES;
				CLANG_WARN_OBJC_LITERAL_CONVERSION = YES;
				CLANG_WARN_OBJC_ROOT_CLASS = YES_ERROR;
				CLANG_WARN_QUOTED_INCLUDE_IN_FRAMEWORK_HEADER = YES;
				CLANG_WARN_RANGE_LOOP_ANALYSIS = YES;
				CLANG_WARN_STRICT_PROTOTYPES = YES;
				CLANG_WARN_SUSPICIOUS_MOVE = YES;
				CLANG_WARN_UNGUARDED_AVAILABILITY = YES_AGGRESSIVE;
				CLANG_WARN_UNREACHABLE_CODE = YES;
				CLANG_WARN__DUPLICATE_METHOD_MATCH = YES;
				COPY_PHASE_STRIP = NO;
				DEBUG_INFORMATION_FORMAT = "dwarf-with-dsym";
				ENABLE_NS_ASSERTIONS = NO;
				ENABLE_STRICT_OBJC_MSGSEND = YES;
				ENABLE_USER_SCRIPT_SANDBOXING = YES;
				GCC_C_LANGUAGE_STANDARD = gnu17;
				GCC_NO_COMMON_BLOCKS = YES;
				GCC_WARN_64_TO_32_BIT_CONVERSION = YES;
				GCC_WARN_ABOUT_RETURN_TYPE = YES_ERROR;
				GCC_WARN_UNDECLARED_SELECTOR = YES;
				GCC_WARN_UNINITIALIZED_AUTOS = YES_AGGRESSIVE;
				GCC_WARN_UNUSED_FUNCTION = YES;
				GCC_WARN_UNUSED_VARIABLE = YES;
				IPHONEOS_DEPLOYMENT_TARGET = 18.2;
				LOCALIZATION_PREFERS_STRING_CATALOGS = YES;
				MTL_ENABLE_DEBUG_INFO = NO;
				MTL_FAST_MATH = YES;
				SDKROOT = iphoneos;
				SWIFT_COMPILATION_MODE = wholemodule;
				VALIDATE_PRODUCT = YES;
			};
			name = Release;
		};
		311FE8F32D93184A00AA2E93 /* Debug */ = {
			isa = XCBuildConfiguration;
			buildSettings = {
				ASSETCATALOG_COMPILER_APPICON_NAME = AppIcon;
				ASSETCATALOG_COMPILER_GLOBAL_ACCENT_COLOR_NAME = AccentColor;
				CODE_SIGN_STYLE = Automatic;
				CURRENT_PROJECT_VERSION = 1;
				DEVELOPMENT_ASSET_PATHS = "\"4assigment/Preview Content\"";
				ENABLE_PREVIEWS = YES;
				GENERATE_INFOPLIST_FILE = YES;
				INFOPLIST_KEY_UIApplicationSceneManifest_Generation = YES;
				INFOPLIST_KEY_UIApplicationSupportsIndirectInputEvents = YES;
				INFOPLIST_KEY_UILaunchScreen_Generation = YES;
				INFOPLIST_KEY_UISupportedInterfaceOrientations_iPad = "UIInterfaceOrientationPortrait UIInterfaceOrientationPortraitUpsideDown UIInterfaceOrientationLandscapeLeft UIInterfaceOrientationLandscapeRight";
				INFOPLIST_KEY_UISupportedInterfaceOrientations_iPhone = "UIInterfaceOrientationPortrait UIInterfaceOrientationLandscapeLeft UIInterfaceOrientationLandscapeRight";
				LD_RUNPATH_SEARCH_PATHS = (
					"$(inherited)",
					"@executable_path/Frameworks",
				);
				MARKETING_VERSION = 1.0;
				PRODUCT_BUNDLE_IDENTIFIER = "xcodeproj.-assigment";
				PRODUCT_NAME = "$(TARGET_NAME)";
				SWIFT_EMIT_LOC_STRINGS = YES;
				SWIFT_VERSION = 5.0;
				TARGETED_DEVICE_FAMILY = "1,2";
			};
			name = Debug;
		};
		311FE8F42D93184A00AA2E93 /* Release */ = {
			isa = XCBuildConfiguration;
			buildSettings = {
				ASSETCATALOG_COMPILER_APPICON_NAME = AppIcon;
				ASSETCATALOG_COMPILER_GLOBAL_ACCENT_COLOR_NAME = AccentColor;
				CODE_SIGN_STYLE = Automatic;
				CURRENT_PROJECT_VERSION = 1;
				DEVELOPMENT_ASSET_PATHS = "\"4assigment/Preview Content\"";
				ENABLE_PREVIEWS = YES;
				GENERATE_INFOPLIST_FILE = YES;
				INFOPLIST_KEY_UIApplicationSceneManifest_Generation = YES;
				INFOPLIST_KEY_UIApplicationSupportsIndirectInputEvents = YES;
				INFOPLIST_KEY_UILaunchScreen_Generation = YES;
				INFOPLIST_KEY_UISupportedInterfaceOrientations_iPad = "UIInterfaceOrientationPortrait UIInterfaceOrientationPortraitUpsideDown UIInterfaceOrientationLandscapeLeft UIInterfaceOrientationLandscapeRight";
				INFOPLIST_KEY_UISupportedInterfaceOrientations_iPhone = "UIInterfaceOrientationPortrait UIInterfaceOrientationLandscapeLeft UIInterfaceOrientationLandscapeRight";
				LD_RUNPATH_SEARCH_PATHS = (
					"$(inherited)",
					"@executable_path/Frameworks",
				);
				MARKETING_VERSION = 1.0;
				PRODUCT_BUNDLE_IDENTIFIER = "xcodeproj.-assigment";
				PRODUCT_NAME = "$(TARGET_NAME)";
				SWIFT_EMIT_LOC_STRINGS = YES;
				SWIFT_VERSION = 5.0;
				TARGETED_DEVICE_FAMILY = "1,2";
			};
			name = Release;
		};
		311FE8F62D93184A00AA2E93 /* Debug */ = {
			isa = XCBuildConfiguration;
			buildSettings = {
				BUNDLE_LOADER = "$(TEST_HOST)";
				CODE_SIGN_STYLE = Automatic;
				CURRENT_PROJECT_VERSION = 1;
				GENERATE_INFOPLIST_FILE = YES;
				IPHONEOS_DEPLOYMENT_TARGET = 18.2;
				MARKETING_VERSION = 1.0;
				PRODUCT_BUNDLE_IDENTIFIER = "xcodeproj.-assigmentTests";
				PRODUCT_NAME = "$(TARGET_NAME)";
				SWIFT_EMIT_LOC_STRINGS = NO;
				SWIFT_VERSION = 5.0;
				TARGETED_DEVICE_FAMILY = "1,2";
				TEST_HOST = "$(BUILT_PRODUCTS_DIR)/4assigment.app/$(BUNDLE_EXECUTABLE_FOLDER_PATH)/4assigment";
			};
			name = Debug;
		};
		311FE8F72D93184A00AA2E93 /* Release */ = {
			isa = XCBuildConfiguration;
			buildSettings = {
				BUNDLE_LOADER = "$(TEST_HOST)";
				CODE_SIGN_STYLE = Automatic;
				CURRENT_PROJECT_VERSION = 1;
				GENERATE_INFOPLIST_FILE = YES;
				IPHONEOS_DEPLOYMENT_TARGET = 18.2;
				MARKETING_VERSION = 1.0;
				PRODUCT_BUNDLE_IDENTIFIER = "xcodeproj.-assigmentTests";
				PRODUCT_NAME = "$(TARGET_NAME)";
				SWIFT_EMIT_LOC_STRINGS = NO;
				SWIFT_VERSION = 5.0;
				TARGETED_DEVICE_FAMILY = "1,2";
				TEST_HOST = "$(BUILT_PRODUCTS_DIR)/4assigment.app/$(BUNDLE_EXECUTABLE_FOLDER_PATH)/4assigment";
			};
			name = Release;
		};
		311FE8F92D93184A00AA2E93 /* Debug */ = {
			isa = XCBuildConfiguration;
			buildSettings = {
				CODE_SIGN_STYLE = Automatic;
				CURRENT_PROJECT_VERSION = 1;
				GENERATE_INFOPLIST_FILE = YES;
				MARKETING_VERSION = 1.0;
				PRODUCT_BUNDLE_IDENTIFIER = "xcodeproj.-assigmentUITests";
				PRODUCT_NAME = "$(TARGET_NAME)";
				SWIFT_EMIT_LOC_STRINGS = NO;
				SWIFT_VERSION = 5.0;
				TARGETED_DEVICE_FAMILY = "1,2";
				TEST_TARGET_NAME = 4assigment;
			};
			name = Debug;
		};
		311FE8FA2D93184A00AA2E93 /* Release */ = {
			isa = XCBuildConfiguration;
			buildSettings = {
				CODE_SIGN_STYLE = Automatic;
				CURRENT_PROJECT_VERSION = 1;
				GENERATE_INFOPLIST_FILE = YES;
				MARKETING_VERSION = 1.0;
				PRODUCT_BUNDLE_IDENTIFIER = "xcodeproj.-assigmentUITests";
				PRODUCT_NAME = "$(TARGET_NAME)";
				SWIFT_EMIT_LOC_STRINGS = NO;
				SWIFT_VERSION = 5.0;
				TARGETED_DEVICE_FAMILY = "1,2";
				TEST_TARGET_NAME = 4assigment;
			};
			name = Release;
		};
/* End XCBuildConfiguration section */

/* Begin XCConfigurationList section */
		311FE8C42D93184600AA2E93 /* Build configuration list for PBXProject "4assigment" */ = {
			isa = XCConfigurationList;
			buildConfigurations = (
				311FE8F02D93184A00AA2E93 /* Debug */,
				311FE8F12D93184A00AA2E93 /* Release */,
			);
			defaultConfigurationIsVisible = 0;
			defaultConfigurationName = Release;
		};
		311FE8F22D93184A00AA2E93 /* Build configuration list for PBXNativeTarget "4assigment" */ = {
			isa = XCConfigurationList;
			buildConfigurations = (
				311FE8F32D93184A00AA2E93 /* Debug */,
				311FE8F42D93184A00AA2E93 /* Release */,
			);
			defaultConfigurationIsVisible = 0;
			defaultConfigurationName = Release;
		};
		311FE8F52D93184A00AA2E93 /* Build configuration list for PBXNativeTarget "4assigmentTests" */ = {
			isa = XCConfigurationList;
			buildConfigurations = (
				311FE8F62D93184A00AA2E93 /* Debug */,
				311FE8F72D93184A00AA2E93 /* Release */,
			);
			defaultConfigurationIsVisible = 0;
			defaultConfigurationName = Release;
		};
		311FE8F82D93184A00AA2E93 /* Build configuration list for PBXNativeTarget "4assigmentUITests" */ = {
			isa = XCConfigurationList;
			buildConfigurations = (
				311FE8F92D93184A00AA2E93 /* Debug */,
				311FE8FA2D93184A00AA2E93 /* Release */,
			);
			defaultConfigurationIsVisible = 0;
			defaultConfigurationName = Release;
		};
/* End XCConfigurationList section */
	};
	rootObject = 311FE8C12D93184600AA2E93 /* Project object */;
}
